<Solution>
  <Folder Name="/SolutionItems/">
    <File Path="Directory.Build.props" />
    <File Path="Directory.Packages.props" />
    <File Path="README.md" />
  </Folder>
  <Folder Name="/Tests/">
    <Project Path="src/Tests/Financisto.Adapter.Tests/Financisto.Adapter.Tests.csproj" />
    <Project Path="src/Tests/Financisto.Common.Test/Financisto.Common.Test.csproj" />
    <Project Path="src/Tests/Financisto.DataAccess.Tests/Financisto.DataAccess.Tests.csproj" />
    <Project Path="src/Tests/Financisto.Desktop.Tests/Financisto.Desktop.Tests.csproj" />
    <Project Path="src/Tests/Financisto.Reports.Tests/Financisto.Reports.Tests.csproj" />
    <Project Path="src/Tests/Financisto.Tests.Common/Financisto.Tests.Common.csproj" />
  </Folder>
  <Project Path="src/Financisto.Adapter/Financisto.Adapter.csproj" />
  <Project Path="src/Financisto.Common/Financisto.Common.csproj" />
  <Project Path="src/Financisto.DataAccess/Financisto.DataAccess.csproj" />
  <Project Path="src/Financisto.Desktop/Financisto.Desktop.csproj" />
  <Project Path="src/Financisto.Reports/Financisto.Reports.csproj" />
</Solution>
